// !$*UTF8*$!
{
	archiveVersion = 1;
	classes = {
	};
	objectVersion = 46;
	objects = {

/* Begin PBXBuildFile section */
		857C4D031D66B3190044E5EB /* AppDelegate.swift in Sources */ = {isa = PBXBuildFile; fileRef = 857C4D021D66B3190044E5EB /* AppDelegate.swift */; };
		857C4D051D66B3190044E5EB /* ViewController.swift in Sources */ = {isa = PBXBuildFile; fileRef = 857C4D041D66B3190044E5EB /* ViewController.swift */; };
		857C4D081D66B3190044E5EB /* Main.storyboard in Resources */ = {isa = PBXBuildFile; fileRef = 857C4D061D66B3190044E5EB /* Main.storyboard */; };
		857C4D0A1D66B3190044E5EB /* Assets.xcassets in Resources */ = {isa = PBXBuildFile; fileRef = 857C4D091D66B3190044E5EB /* Assets.xcassets */; };
		857C4D0D1D66B3190044E5EB /* LaunchScreen.storyboard in Resources */ = {isa = PBXBuildFile; fileRef = 857C4D0B1D66B3190044E5EB /* LaunchScreen.storyboard */; };
		857C4D181D66B3190044E5EB /* OneTests.swift in Sources */ = {isa = PBXBuildFile; fileRef = 857C4D171D66B3190044E5EB /* OneTests.swift */; };
/* End PBXBuildFile section */

/* Begin PBXContainerItemProxy section */
		857C4D141D66B3190044E5EB /* PBXContainerItemProxy */ = {
			isa = PBXContainerItemProxy;
			containerPortal = 857C4CF71D66B3190044E5EB /* Project object */;
			proxyType = 1;
			remoteGlobalIDString = 857C4CFE1D66B3190044E5EB;
			remoteInfo = One;
		};
/* End PBXContainerItemProxy section */

/* Begin PBXFileReference section */
		857C4CFF1D66B3190044E5EB /* One.app */ = {isa = PBXFileReference; explicitFileType = wrapper.application; includeInIndex = 0; path = One.app; sourceTree = BUILT_PRODUCTS_DIR; };
		857C4D021D66B3190044E5EB /* AppDelegate.swift */ = {isa = PBXFileReference; lastKnownFileType = sourcecode.swift; path = AppDelegate.swift; sourceTree = "<group>"; };
		857C4D041D66B3190044E5EB /* ViewController.swift */ = {isa = PBXFileReference; lastKnownFileType = sourcecode.swift; path = ViewController.swift; sourceTree = "<group>"; };
		857C4D071D66B3190044E5EB /* Base */ = {isa = PBXFileReference; lastKnownFileType = file.storyboard; name = Base; path = Base.lproj/Main.storyboard; sourceTree = "<group>"; };
		857C4D091D66B3190044E5EB /* Assets.xcassets */ = {isa = PBXFileReference; lastKnownFileType = folder.assetcatalog; path = Assets.xcassets; sourceTree = "<group>"; };
		857C4D0C1D66B3190044E5EB /* Base */ = {isa = PBXFileReference; lastKnownFileType = file.storyboard; name = Base; path = Base.lproj/LaunchScreen.storyboard; sourceTree = "<group>"; };
		857C4D0E1D66B3190044E5EB /* Info.plist */ = {isa = PBXFileReference; lastKnownFileType = text.plist.xml; path = Info.plist; sourceTree = "<group>"; };
		857C4D131D66B3190044E5EB /* OneTests.xctest */ = {isa = PBXFileReference; explicitFileType = wrapper.cfbundle; includeInIndex = 0; path = OneTests.xctest; sourceTree = BUILT_PRODUCTS_DIR; };
		857C4D171D66B3190044E5EB /* OneTests.swift */ = {isa = PBXFileReference; lastKnownFileType = sourcecode.swift; path = OneTests.swift; sourceTree = "<group>"; };
		857C4D191D66B3190044E5EB /* Info.plist */ = {isa = PBXFileReference; lastKnownFileType = text.plist.xml; path = Info.plist; sourceTree = "<group>"; };
/* End PBXFileReference section */

/* Begin PBXFrameworksBuildPhase section */
		857C4CFC1D66B3190044E5EB /* Frameworks */ = {
			isa = PBXFrameworksBuildPhase;
			buildActionMask = 2147483647;
			files = (
			);
			runOnlyForDeploymentPostprocessing = 0;
		};
		857C4D101D66B3190044E5EB /* Frameworks */ = {
			isa = PBXFrameworksBuildPhase;
			buildActionMask = 2147483647;
			files = (
			);
			runOnlyForDeploymentPostprocessing = 0;
		};
/* End PBXFrameworksBuildPhase section */

/* Begin PBXGroup section */
		857C4CF61D66B3190044E5EB = {
			isa = PBXGroup;
			children = (
				857C4D011D66B3190044E5EB /* One */,
				857C4D161D66B3190044E5EB /* OneTests */,
				857C4D001D66B3190044E5EB /* Products */,
			);
			sourceTree = "<group>";
		};
		857C4D001D66B3190044E5EB /* Products */ = {
			isa = PBXGroup;
			children = (
				857C4CFF1D66B3190044E5EB /* One.app */,
				857C4D131D66B3190044E5EB /* OneTests.xctest */,
			);
			name = Products;
			sourceTree = "<group>";
		};
		857C4D011D66B3190044E5EB /* One */ = {
			isa = PBXGroup;
			children = (
				857C4D021D66B3190044E5EB /* AppDelegate.swift */,
				857C4D041D66B3190044E5EB /* ViewController.swift */,
				857C4D061D66B3190044E5EB /* Main.storyboard */,
				857C4D091D66B3190044E5EB /* Assets.xcassets */,
				857C4D0B1D66B3190044E5EB /* LaunchScreen.storyboard */,
				857C4D0E1D66B3190044E5EB /* Info.plist */,
			);
			path = One;
			sourceTree = "<group>";
		};
		857C4D161D66B3190044E5EB /* OneTests */ = {
			isa = PBXGroup;
			children = (
				857C4D171D66B3190044E5EB /* OneTests.swift */,
				857C4D191D66B3190044E5EB /* Info.plist */,
			);
			path = OneTests;
			sourceTree = "<group>";
		};
/* End PBXGroup section */

/* Begin PBXNativeTarget section */
		857C4CFE1D66B3190044E5EB /* One */ = {
			isa = PBXNativeTarget;
			buildConfigurationList = 857C4D1C1D66B3190044E5EB /* Build configuration list for PBXNativeTarget "One" */;
			buildPhases = (
				857C4CFB1D66B3190044E5EB /* Sources */,
				857C4CFC1D66B3190044E5EB /* Frameworks */,
				857C4CFD1D66B3190044E5EB /* Resources */,
			);
			buildRules = (
			);
			dependencies = (
			);
			name = One;
			productName = One;
			productReference = 857C4CFF1D66B3190044E5EB /* One.app */;
			productType = "com.apple.product-type.application";
		};
		857C4D121D66B3190044E5EB /* OneTests */ = {
			isa = PBXNativeTarget;
			buildConfigurationList = 857C4D1F1D66B3190044E5EB /* Build configuration list for PBXNativeTarget "OneTests" */;
			buildPhases = (
				857C4D0F1D66B3190044E5EB /* Sources */,
				857C4D101D66B3190044E5EB /* Frameworks */,
				857C4D111D66B3190044E5EB /* Resources */,
			);
			buildRules = (
			);
			dependencies = (
				857C4D151D66B3190044E5EB /* PBXTargetDependency */,
			);
			name = OneTests;
			productName = OneTests;
			productReference = 857C4D131D66B3190044E5EB /* OneTests.xctest */;
			productType = "com.apple.product-type.bundle.unit-test";
		};
/* End PBXNativeTarget section */

/* Begin PBXProject section */
		857C4CF71D66B3190044E5EB /* Project object */ = {
			isa = PBXProject;
			attributes = {
				LastSwiftUpdateCheck = 0730;
				LastUpgradeCheck = 0730;
				ORGANIZATIONNAME = redye;
				TargetAttributes = {
					857C4CFE1D66B3190044E5EB = {
						CreatedOnToolsVersion = 7.3.1;
					};
					857C4D121D66B3190044E5EB = {
						CreatedOnToolsVersion = 7.3.1;
						TestTargetID = 857C4CFE1D66B3190044E5EB;
					};
				};
			};
			buildConfigurationList = 857C4CFA1D66B3190044E5EB /* Build configuration list for PBXProject "One" */;
			compatibilityVersion = "Xcode 3.2";
			developmentRegion = English;
			hasScannedForEncodings = 0;
			knownRegions = (
				en,
				Base,
			);
			mainGroup = 857C4CF61D66B3190044E5EB;
			productRefGroup = 857C4D001D66B3190044E5EB /* Products */;
			projectDirPath = "";
			projectRoot = "";
			targets = (
				857C4CFE1D66B3190044E5EB /* One */,
				857C4D121D66B3190044E5EB /* OneTests */,
			);
		};
/* End PBXProject section */

/* Begin PBXResourcesBuildPhase section */
		857C4CFD1D66B3190044E5EB /* Resources */ = {
			isa = PBXResourcesBuildPhase;
			buildActionMask = 2147483647;
			files = (
				857C4D0D1D66B3190044E5EB /* LaunchScreen.storyboard in Resources */,
				857C4D0A1D66B3190044E5EB /* Assets.xcassets in Resources */,
				857C4D081D66B3190044E5EB /* Main.storyboard in Resources */,
			);
			runOnlyForDeploymentPostprocessing = 0;
		};
		857C4D111D66B3190044E5EB /* Resources */ = {
			isa = PBXResourcesBuildPhase;
			buildActionMask = 2147483647;
			files = (
			);
			runOnlyForDeploymentPostprocessing = 0;
		};
/* End PBXResourcesBuildPhase section */

/* Begin PBXSourcesBuildPhase section */
		857C4CFB1D66B3190044E5EB /* Sources */ = {
			isa = PBXSourcesBuildPhase;
			buildActionMask = 2147483647;
			files = (
				857C4D051D66B3190044E5EB /* ViewController.swift in Sources */,
				857C4D031D66B3190044E5EB /* AppDelegate.swift in Sources */,
			);
			runOnlyForDeploymentPostprocessing = 0;
		};
		857C4D0F1D66B3190044E5EB /* Sources */ = {
			isa = PBXSourcesBuildPhase;
			buildActionMask = 2147483647;
			files = (
				857C4D181D66B3190044E5EB /* OneTests.swift in Sources */,
			);
			runOnlyForDeploymentPostprocessing = 0;
		};
/* End PBXSourcesBuildPhase section */

/* Begin PBXTargetDependency section */
		857C4D151D66B3190044E5EB /* PBXTargetDependency */ = {
			isa = PBXTargetDependency;
			target = 857C4CFE1D66B3190044E5EB /* One */;
			targetProxy = 857C4D141D66B3190044E5EB /* PBXContainerItemProxy */;
		};
/* End PBXTargetDependency section */

/* Begin PBXVariantGroup section */
		857C4D061D66B3190044E5EB /* Main.storyboard */ = {
			isa = PBXVariantGroup;
			children = (
				857C4D071D66B3190044E5EB /* Base */,
			);
			name = Main.storyboard;
			sourceTree = "<group>";
		};
		857C4D0B1D66B3190044E5EB /* LaunchScreen.storyboard */ = {
			isa = PBXVariantGroup;
			children = (
				857C4D0C1D66B3190044E5EB /* Base */,
			);
			name = LaunchScreen.storyboard;
			sourceTree = "<group>";
		};
/* End PBXVariantGroup section */

/* Begin XCBuildConfiguration section */
		857C4D1A1D66B3190044E5EB /* Debug */ = {
			isa = XCBuildConfiguration;
			buildSettings = {
				ALWAYS_SEARCH_USER_PATHS = NO;
				CLANG_ANALYZER_NONNULL = YES;
				CLANG_CXX_LANGUAGE_STANDARD = "gnu++0x";
				CLANG_CXX_LIBRARY = "libc++";
				CLANG_ENABLE_MODULES = YES;
				CLANG_ENABLE_OBJC_ARC = YES;
				CLANG_WARN_BOOL_CONVERSION = YES;
				CLANG_WARN_CONSTANT_CONVERSION = YES;
				CLANG_WARN_DIRECT_OBJC_ISA_USAGE = YES_ERROR;
				CLANG_WARN_EMPTY_BODY = YES;
				CLANG_WARN_ENUM_CONVERSION = YES;
				CLANG_WARN_INT_CONVERSION = YES;
				CLANG_WARN_OBJC_ROOT_CLASS = YES_ERROR;
				CLANG_WARN_UNREACHABLE_CODE = YES;
				CLANG_WARN__DUPLICATE_METHOD_MATCH = YES;
				"CODE_SIGN_IDENTITY[sdk=iphoneos*]" = "iPhone Developer";
				COPY_PHASE_STRIP = NO;
				DEBUG_INFORMATION_FORMAT = dwarf;
				ENABLE_STRICT_OBJC_MSGSEND = YES;
				ENABLE_TESTABILITY = YES;
				GCC_C_LANGUAGE_STANDARD = gnu99;
				GCC_DYNAMIC_NO_PIC = NO;
				GCC_NO_COMMON_BLOCKS = YES;
				GCC_OPTIMIZATION_LEVEL = 0;
				GCC_PREPROCESSOR_DEFINITIONS = (
					"DEBUG=1",
					"$(inherited)",
				);
				GCC_WARN_64_TO_32_BIT_CONVERSION = YES;
				GCC_WARN_ABOUT_RETURN_TYPE = YES_ERROR;
				GCC_WARN_UNDECLARED_SELECTOR = YES;
				GCC_WARN_UNINITIALIZED_AUTOS = YES_AGGRESSIVE;
				GCC_WARN_UNUSED_FUNCTION = YES;
				GCC_WARN_UNUSED_VARIABLE = YES;
				IPHONEOS_DEPLOYMENT_TARGET = 9.3;
				MTL_ENABLE_DEBUG_INFO = YES;
				ONLY_ACTIVE_ARCH = YES;
				SDKROOT = iphoneos;
				SWIFT_OPTIMIZATION_LEVEL = "-Onone";
				TARGETED_DEVICE_FAMILY = "1,2";
			};
			name = Debug;
		};
		857C4D1B1D66B3190044E5EB /* Release */ = {
			isa = XCBuildConfiguration;
			buildSettings = {
				ALWAYS_SEARCH_USER_PATHS = NO;
				CLANG_ANALYZER_NONNULL = YES;
				CLANG_CXX_LANGUAGE_STANDARD = "gnu++0x";
				CLANG_CXX_LIBRARY = "libc++";
				CLANG_ENABLE_MODULES = YES;
				CLANG_ENABLE_OBJC_ARC = YES;
				CLANG_WARN_BOOL_CONVERSION = YES;
				CLANG_WARN_CONSTANT_CONVERSION = YES;
				CLANG_WARN_DIRECT_OBJC_ISA_USAGE = YES_ERROR;
				CLANG_WARN_EMPTY_BODY = YES;
				CLANG_WARN_ENUM_CONVERSION = YES;
				CLANG_WARN_INT_CONVERSION = YES;
				CLANG_WARN_OBJC_ROOT_CLASS = YES_ERROR;
				CLANG_WARN_UNREACHABLE_CODE = YES;
				CLANG_WARN__DUPLICATE_METHOD_MATCH = YES;
				"CODE_SIGN_IDENTITY[sdk=iphoneos*]" = "iPhone Developer";
				COPY_PHASE_STRIP = NO;
				DEBUG_INFORMATION_FORMAT = "dwarf-with-dsym";
				ENABLE_NS_ASSERTIONS = NO;
				ENABLE_STRICT_OBJC_MSGSEND = YES;
				GCC_C_LANGUAGE_STANDARD = gnu99;
				GCC_NO_COMMON_BLOCKS = YES;
				GCC_WARN_64_TO_32_BIT_CONVERSION = YES;
				GCC_WARN_ABOUT_RETURN_TYPE = YES_ERROR;
				GCC_WARN_UNDECLARED_SELECTOR = YES;
				GCC_WARN_UNINITIALIZED_AUTOS = YES_AGGRESSIVE;
				GCC_WARN_UNUSED_FUNCTION = YES;
				GCC_WARN_UNUSED_VARIABLE = YES;
				IPHONEOS_DEPLOYMENT_TARGET = 9.3;
				MTL_ENABLE_DEBUG_INFO = NO;
				SDKROOT = iphoneos;
				TARGETED_DEVICE_FAMILY = "1,2";
				VALIDATE_PRODUCT = YES;
			};
			name = Release;
		};
		857C4D1D1D66B3190044E5EB /* Debug */ = {
			isa = XCBuildConfiguration;
			buildSettings = {
				ASSETCATALOG_COMPILER_APPICON_NAME = AppIcon;
				INFOPLIST_FILE = One/Info.plist;
				LD_RUNPATH_SEARCH_PATHS = "$(inherited) @executable_path/Frameworks";
				PRODUCT_BUNDLE_IDENTIFIER = com.redye.One;
				PRODUCT_NAME = "$(TARGET_NAME)";
			};
			name = Debug;
		};
		857C4D1E1D66B3190044E5EB /* Release */ = {
			isa = XCBuildConfiguration;
			buildSettings = {
				ASSETCATALOG_COMPILER_APPICON_NAME = AppIcon;
				INFOPLIST_FILE = One/Info.plist;
				LD_RUNPATH_SEARCH_PATHS = "$(inherited) @executable_path/Frameworks";
				PRODUCT_BUNDLE_IDENTIFIER = com.redye.One;
				PRODUCT_NAME = "$(TARGET_NAME)";
			};
			name = Release;
		};
		857C4D201D66B3190044E5EB /* Debug */ = {
			isa = XCBuildConfiguration;
			buildSettings = {
				BUNDLE_LOADER = "$(TEST_HOST)";
				INFOPLIST_FILE = OneTests/Info.plist;
				LD_RUNPATH_SEARCH_PATHS = "$(inherited) @executable_path/Frameworks @loader_path/Frameworks";
				PRODUCT_BUNDLE_IDENTIFIER = com.redye.OneTests;
				PRODUCT_NAME = "$(TARGET_NAME)";
				TEST_HOST = "$(BUILT_PRODUCTS_DIR)/One.app/One";
			};
			name = Debug;
		};
		857C4D211D66B3190044E5EB /* Release */ = {
			isa = XCBuildConfiguration;
			buildSettings = {
				BUNDLE_LOADER = "$(TEST_HOST)";
				INFOPLIST_FILE = OneTests/Info.plist;
				LD_RUNPATH_SEARCH_PATHS = "$(inherited) @executable_path/Frameworks @loader_path/Frameworks";
				PRODUCT_BUNDLE_IDENTIFIER = com.redye.OneTests;
				PRODUCT_NAME = "$(TARGET_NAME)";
				TEST_HOST = "$(BUILT_PRODUCTS_DIR)/One.app/One";
			};
			name = Release;
		};
/* End XCBuildConfiguration section */

/* Begin XCConfigurationList section */
		857C4CFA1D66B3190044E5EB /* Build configuration list for PBXProject "One" */ = {
			isa = XCConfigurationList;
			buildConfigurations = (
				857C4D1A1D66B3190044E5EB /* Debug */,
				857C4D1B1D66B3190044E5EB /* Release */,
			);
			defaultConfigurationIsVisible = 0;
			defaultConfigurationName = Release;
		};
		857C4D1C1D66B3190044E5EB /* Build configuration list for PBXNativeTarget "One" */ = {
			isa = XCConfigurationList;
			buildConfigurations = (
				857C4D1D1D66B3190044E5EB /* Debug */,
				857C4D1E1D66B3190044E5EB /* Release */,
			);
			defaultConfigurationIsVisible = 0;
		};
		857C4D1F1D66B3190044E5EB /* Build configuration list for PBXNativeTarget "OneTests" */ = {
			isa = XCConfigurationList;
			buildConfigurations = (
				857C4D201D66B3190044E5EB /* Debug */,
				857C4D211D66B3190044E5EB /* Release */,
			);
			defaultConfigurationIsVisible = 0;
		};
/* End XCConfigurationList section */
	};
	rootObject = 857C4CF71D66B3190044E5EB /* Project object */;
}
